
Microsoft Visual Studio Solution File, Format Version 12.00
# Visual Studio Version 17
VisualStudioVersion = 17.11.35312.102
MinimumVisualStudioVersion = 10.0.40219.1
Project("{FAE04EC0-301F-11D3-BF4B-00C04F79EFBC}") = "MVCBook", "MVCBook\MVCBook.csproj", "{0F5C69AC-98C7-4F6D-BE3A-A36C31CF068E}"
EndProject
Project("{FAE04EC0-301F-11D3-BF4B-00C04F79EFBC}") = "BLL", "BLL\BLL.csproj", "{EB63699C-18D3-4077-B3ED-640AC6399475}"
EndProject
Global
	GlobalSection(SolutionConfigurationPlatforms) = preSolution
		Debug|Any CPU = Debug|Any CPU
		Release|Any CPU = Release|Any CPU
	EndGlobalSection
	GlobalSection(ProjectConfigurationPlatforms) = postSolution
		{0F5C69AC-98C7-4F6D-BE3A-A36C31CF068E}.Debug|Any CPU.ActiveCfg = Debug|Any CPU
		{0F5C69AC-98C7-4F6D-BE3A-A36C31CF068E}.Debug|Any CPU.Build.0 = Debug|Any CPU
		{0F5C69AC-98C7-4F6D-BE3A-A36C31CF068E}.Release|Any CPU.ActiveCfg = Release|Any CPU
		{0F5C69AC-98C7-4F6D-BE3A-A36C31CF068E}.Release|Any CPU.Build.0 = Release|Any CPU
		{EB63699C-18D3-4077-B3ED-640AC6399475}.Debug|Any CPU.ActiveCfg = Debug|Any CPU
		{EB63699C-18D3-4077-B3ED-640AC6399475}.Debug|Any CPU.Build.0 = Debug|Any CPU
		{EB63699C-18D3-4077-B3ED-640AC6399475}.Release|Any CPU.ActiveCfg = Release|Any CPU
		{EB63699C-18D3-4077-B3ED-640AC6399475}.Release|Any CPU.Build.0 = Release|Any CPU
	EndGlobalSection
	GlobalSection(SolutionProperties) = preSolution
		HideSolutionNode = FALSE
	EndGlobalSection
	GlobalSection(ExtensibilityGlobals) = postSolution
		SolutionGuid = {109E3C83-B14B-4050-96B8-057D7D3D0DE3}
	EndGlobalSection
EndGlobal
